
Microsoft Visual Studio Solution File, Format Version 12.00
# Visual Studio 15
VisualStudioVersion = 15.0.27428.2011
MinimumVisualStudioVersion = 10.0.40219.1
Project("{FAE04EC0-301F-11D3-BF4B-00C04F79EFBC}") = "mediaplayer", "mediaplayer\mediaplayer.csproj", "{E309C08A-B1C3-448B-947F-25B12D35CF6D}"
EndProject
Global
	GlobalSection(SolutionConfigurationPlatforms) = preSolution
		Debug|ARM = Debug|ARM
		Debug|x64 = Debug|x64
		Debug|x86 = Debug|x86
		Release|ARM = Release|ARM
		Release|x64 = Release|x64
		Release|x86 = Release|x86
	EndGlobalSection
	GlobalSection(ProjectConfigurationPlatforms) = postSolution
		{E309C08A-B1C3-448B-947F-25B12D35CF6D}.Debug|ARM.ActiveCfg = Debug|ARM
		{E309C08A-B1C3-448B-947F-25B12D35CF6D}.Debug|ARM.Build.0 = Debug|ARM
		{E309C08A-B1C3-448B-947F-25B12D35CF6D}.Debug|ARM.Deploy.0 = Debug|ARM
		{E309C08A-B1C3-448B-947F-25B12D35CF6D}.Debug|x64.ActiveCfg = Debug|x64
		{E309C08A-B1C3-448B-947F-25B12D35CF6D}.Debug|x64.Build.0 = Debug|x64
		{E309C08A-B1C3-448B-947F-25B12D35CF6D}.Debug|x64.Deploy.0 = Debug|x64
		{E309C08A-B1C3-448B-947F-25B12D35CF6D}.Debug|x86.ActiveCfg = Debug|x86
		{E309C08A-B1C3-448B-947F-25B12D35CF6D}.Debug|x86.Build.0 = Debug|x86
		{E309C08A-B1C3-448B-947F-25B12D35CF6D}.Debug|x86.Deploy.0 = Debug|x86
		{E309C08A-B1C3-448B-947F-25B12D35CF6D}.Release|ARM.ActiveCfg = Release|ARM
		{E309C08A-B1C3-448B-947F-25B12D35CF6D}.Release|ARM.Build.0 = Release|ARM
		{E309C08A-B1C3-448B-947F-25B12D35CF6D}.Release|ARM.Deploy.0 = Release|ARM
		{E309C08A-B1C3-448B-947F-25B12D35CF6D}.Release|x64.ActiveCfg = Release|x64
		{E309C08A-B1C3-448B-947F-25B12D35CF6D}.Release|x64.Build.0 = Release|x64
		{E309C08A-B1C3-448B-947F-25B12D35CF6D}.Release|x64.Deploy.0 = Release|x64
		{E309C08A-B1C3-448B-947F-25B12D35CF6D}.Release|x86.ActiveCfg = Release|x86
		{E309C08A-B1C3-448B-947F-25B12D35CF6D}.Release|x86.Build.0 = Release|x86
		{E309C08A-B1C3-448B-947F-25B12D35CF6D}.Release|x86.Deploy.0 = Release|x86
	EndGlobalSection
	GlobalSection(SolutionProperties) = preSolution
		HideSolutionNode = FALSE
	EndGlobalSection
	GlobalSection(ExtensibilityGlobals) = postSolution
		SolutionGuid = {4B31C937-B534-4458-A7E1-26B1F0AB2206}
	EndGlobalSection
EndGlobal
